
Microsoft Visual Studio Solution File, Format Version 12.00
# Visual Studio Version 16
VisualStudioVersion = 16.0.30011.22
MinimumVisualStudioVersion = 10.0.40219.1
Project("{FAE04EC0-301F-11D3-BF4B-00C04F79EFBC}") = "BusinessLayer", "BusinessLayer\BusinessLayer.csproj", "{CD1524CF-E631-4BE7-9F98-6788AEE6E085}"
EndProject
Project("{FAE04EC0-301F-11D3-BF4B-00C04F79EFBC}") = "BusinessEntity", "BusinessEntity\BusinessEntity.csproj", "{07F79EA8-C5A2-4AD8-90A4-C969A8E09374}"
EndProject
Project("{FAE04EC0-301F-11D3-BF4B-00C04F79EFBC}") = "DataLayer", "DataLayer\DataLayer.csproj", "{26A2268D-6C33-4806-96B0-BFDD3B9E6712}"
EndProject
Project("{FAE04EC0-301F-11D3-BF4B-00C04F79EFBC}") = "GUI", "GUI\GUI.csproj", "{4289C8C0-53F3-4D03-B4CF-C629967FFC6D}"
EndProject
Project("{FAE04EC0-301F-11D3-BF4B-00C04F79EFBC}") = "GUI-Wpf1", "GUI-Wpf1\GUI-Wpf1.csproj", "{D85EF51E-58B1-46CE-B31E-320202221C40}"
EndProject
Global
	GlobalSection(SolutionConfigurationPlatforms) = preSolution
		Debug|Any CPU = Debug|Any CPU
		Release|Any CPU = Release|Any CPU
	EndGlobalSection
	GlobalSection(ProjectConfigurationPlatforms) = postSolution
		{CD1524CF-E631-4BE7-9F98-6788AEE6E085}.Debug|Any CPU.ActiveCfg = Debug|Any CPU
		{CD1524CF-E631-4BE7-9F98-6788AEE6E085}.Debug|Any CPU.Build.0 = Debug|Any CPU
		{CD1524CF-E631-4BE7-9F98-6788AEE6E085}.Release|Any CPU.ActiveCfg = Release|Any CPU
		{CD1524CF-E631-4BE7-9F98-6788AEE6E085}.Release|Any CPU.Build.0 = Release|Any CPU
		{07F79EA8-C5A2-4AD8-90A4-C969A8E09374}.Debug|Any CPU.ActiveCfg = Debug|Any CPU
		{07F79EA8-C5A2-4AD8-90A4-C969A8E09374}.Debug|Any CPU.Build.0 = Debug|Any CPU
		{07F79EA8-C5A2-4AD8-90A4-C969A8E09374}.Release|Any CPU.ActiveCfg = Release|Any CPU
		{07F79EA8-C5A2-4AD8-90A4-C969A8E09374}.Release|Any CPU.Build.0 = Release|Any CPU
		{26A2268D-6C33-4806-96B0-BFDD3B9E6712}.Debug|Any CPU.ActiveCfg = Debug|Any CPU
		{26A2268D-6C33-4806-96B0-BFDD3B9E6712}.Debug|Any CPU.Build.0 = Debug|Any CPU
		{26A2268D-6C33-4806-96B0-BFDD3B9E6712}.Release|Any CPU.ActiveCfg = Release|Any CPU
		{26A2268D-6C33-4806-96B0-BFDD3B9E6712}.Release|Any CPU.Build.0 = Release|Any CPU
		{4289C8C0-53F3-4D03-B4CF-C629967FFC6D}.Debug|Any CPU.ActiveCfg = Debug|Any CPU
		{4289C8C0-53F3-4D03-B4CF-C629967FFC6D}.Debug|Any CPU.Build.0 = Debug|Any CPU
		{4289C8C0-53F3-4D03-B4CF-C629967FFC6D}.Release|Any CPU.ActiveCfg = Release|Any CPU
		{4289C8C0-53F3-4D03-B4CF-C629967FFC6D}.Release|Any CPU.Build.0 = Release|Any CPU
		{D85EF51E-58B1-46CE-B31E-320202221C40}.Debug|Any CPU.ActiveCfg = Debug|Any CPU
		{D85EF51E-58B1-46CE-B31E-320202221C40}.Debug|Any CPU.Build.0 = Debug|Any CPU
		{D85EF51E-58B1-46CE-B31E-320202221C40}.Release|Any CPU.ActiveCfg = Release|Any CPU
		{D85EF51E-58B1-46CE-B31E-320202221C40}.Release|Any CPU.Build.0 = Release|Any CPU
	EndGlobalSection
	GlobalSection(SolutionProperties) = preSolution
		HideSolutionNode = FALSE
	EndGlobalSection
	GlobalSection(ExtensibilityGlobals) = postSolution
		SolutionGuid = {6D663B4F-31D4-4E13-8FD8-D0D2FC061156}
	EndGlobalSection
EndGlobal
